<?xml version="1.0" encoding="utf-8"?>
<Project ToolsVersion="4.0" xmlns="http://schemas.microsoft.com/developer/msbuild/2003">
  <ItemGroup>
    <Filter Include="Source Files">
      <UniqueIdentifier>{4FC737F1-C7A5-4376-A066-2A32D752A2FF}</UniqueIdentifier>
      <Extensions>cpp;c;cc;cxx;def;odl;idl;hpj;bat;asm;asmx</Extensions>
    </Filter>
    <Filter Include="Header Files">
      <UniqueIdentifier>{93995380-89BD-4b04-88EB-625FBE52EBFB}</UniqueIdentifier>
      <Extensions>h;hh;hpp;hxx;hm;inl;inc;ipp;xsd</Extensions>
    </Filter>
    <Filter Include="Resource Files">
      <UniqueIdentifier>{67DA6AB6-F800-4c08-8B7A-83BB121AAD01}</UniqueIdentifier>
      <Extensions>rc;ico;cur;bmp;dlg;rc2;rct;bin;rgs;gif;jpg;jpeg;jpe;resx;tiff;tif;png;wav;mfcribbon-ms</Extensions>
    </Filter>
  </ItemGroup>
  <ItemGroup>
    <ClCompile Include="src\glad.c">
      <Filter>Source Files</Filter>
    </ClCompile>
    <ClCompile Include="src\Shader.cpp">
      <Filter>Source Files</Filter>
    </ClCompile>
    <ClCompile Include="src\Camera.cpp">
      <Filter>Source Files</Filter>
    </ClCompile>
    <ClCompile Include="vendor\stb_image\stb_image.cpp">
      <Filter>Source Files</Filter>
    </ClCompile>
    <ClCompile Include="src\Math.cpp">
      <Filter>Source Files</Filter>
    </ClCompile>
    <ClCompile Include="src\Mesh.cpp">
      <Filter>Source Files</Filter>
    </ClCompile>
    <ClCompile Include="src\AdvancedOpenGL\GeometryShaderShowNormal.cpp">
      <Filter>Source Files</Filter>
    </ClCompile>
  </ItemGroup>
  <ItemGroup>
    <None Include="shader\shader.vs" />
    <None Include="shader\shader.fs" />
    <None Include="shader\texture-shader.vs" />
    <None Include="shader\lighting\1-lighting.vs" />
    <None Include="shader\lighting\1-lighting.fs" />
    <None Include="shader\lighting\1-lighting-lamp.vs" />
    <None Include="shader\lighting\1-lighting-lamp.fs" />
    <None Include="shader\lighting\2.1-basic-lighting.vs" />
    <None Include="shader\lighting\2.1-basic-lighting.fs" />
    <None Include="shader\lighting\2.2-basic-lighting.vs" />
    <None Include="shader\lighting\2.2-basic-lighting.fs" />
    <None Include="shader\lighting\3.1-material.fs" />
    <None Include="shader\lighting\3.1-material.vs" />
    <None Include="shader\lighting\3.1-lamp.vs" />
    <None Include="shader\lighting\3.1-lamp.fs" />
    <None Include="shader\lighting\4.1-lighting-maps.vs" />
    <None Include="shader\lighting\4.1-lighting-maps.fs" />
    <None Include="shader\lighting\4.1-lamp.vs" />
    <None Include="shader\lighting\4.1-lamp.fs" />
    <None Include="shader\lighting\4.2-lighting-maps.vs" />
    <None Include="shader\lighting\4.2-lighting-maps.fs" />
    <None Include="shader\lighting\5.1-lighting-casters.vs" />
    <None Include="shader\lighting\5.1-lighting-casters.fs" />
    <None Include="shader\lighting\5.2-lighting-casters.fs" />
    <None Include="shader\lighting\5.2-lighting-casters.vs" />
    <None Include="shader\lighting\5.3-lighting-casters.vs" />
    <None Include="shader\lighting\5.3-lighting-casters.fs" />
    <None Include="shader\lighting\5.4-lighting-casters.fs" />
    <None Include="shader\lighting\5.4-lighting-casters.vs" />
    <None Include="shader\lighting\6.1-multiple-lighting.vs" />
    <None Include="shader\lighting\6.1-multiple-lighting.fs" />
    <None Include="shader\model\1.1-model-loading.fs" />
    <None Include="shader\model\1.1-model-loading.vs" />
    <None Include="shader\depth\1.1-depth-testing.fs" />
    <None Include="shader\depth\1.1-depth-testing.vs" />
    <None Include="shader\framebuffer\5.1-framebuffers.vs" />
    <None Include="shader\framebuffer\5.1-framebuffers.fs" />
    <None Include="shader\framebuffer\5.1.framebuffers-screen.vs" />
    <None Include="shader\framebuffer\5.1.framebuffers-screen.fs" />
    <None Include="shader\cubemaps\6.1-cubemaps.vs" />
    <None Include="shader\cubemaps\6.1-cubemaps.fs" />
    <None Include="shader\skybox\6.1-skybox.vs" />
    <None Include="shader\skybox\6.1-skybox.fs" />
    <None Include="shader\cubemaps\6.2-cubemaps.vs" />
    <None Include="shader\cubemaps\6.2-cubemaps.fs" />
    <None Include="shader\skybox\6.2-skybox.vs" />
    <None Include="shader\skybox\6.2-skybox.fs" />
    <None Include="shader\geometryshader\9.2-geometry-shader.vs" />
    <None Include="shader\geometryshader\9.2-geometry-shader.fs" />
    <None Include="shader\geometryshader\9.2-geometry-shader.gs" />
    <None Include="shader\geometryshader\9.3-default.vs" />
    <None Include="shader\geometryshader\9.3-default.fs" />
    <None Include="shader\geometryshader\9.3-normal-visualization.vs" />
    <None Include="shader\geometryshader\9.3-normal-visualization.fs" />
    <None Include="shader\geometryshader\9.3-normal-visualization.gs" />
  </ItemGroup>
  <ItemGroup>
    <ClInclude Include="src\Shader.h">
      <Filter>Header Files</Filter>
    </ClInclude>
    <ClInclude Include="src\Camera.h">
      <Filter>Header Files</Filter>
    </ClInclude>
    <ClInclude Include="vendor\stb_image\stb_image.h">
      <Filter>Header Files</Filter>
    </ClInclude>
    <ClInclude Include="src\Math.h">
      <Filter>Header Files</Filter>
    </ClInclude>
    <ClInclude Include="src\Mesh.h">
      <Filter>Header Files</Filter>
    </ClInclude>
    <ClInclude Include="src\Modelh.h">
      <Filter>Header Files</Filter>
    </ClInclude>
  </ItemGroup>
  <ItemGroup>
    <Text Include="shader\texture-shader.fs" />
  </ItemGroup>
</Project>